// !$*UTF8*$!
{
	archiveVersion = 1;
	classes = {
	};
	objectVersion = 46;
	objects = {

/* Begin PBXBuildFile section */
		CC34A455194363020039A8C0 /* main.m in Sources */ = {isa = PBXBuildFile; fileRef = CC34A454194363020039A8C0 /* main.m */; };
		CC34A458194363020039A8C0 /* AppDelegate.m in Sources */ = {isa = PBXBuildFile; fileRef = CC34A457194363020039A8C0 /* AppDelegate.m */; };
		CC34A45A194363020039A8C0 /* Images.xcassets in Resources */ = {isa = PBXBuildFile; fileRef = CC34A459194363020039A8C0 /* Images.xcassets */; };
		CC34A466194363020039A8C0 /* DijkstraTests.m in Sources */ = {isa = PBXBuildFile; fileRef = CC34A465194363020039A8C0 /* DijkstraTests.m */; };
		CC34A47B194365300039A8C0 /* Vertex.m in Sources */ = {isa = PBXBuildFile; fileRef = CC34A47A194365300039A8C0 /* Vertex.m */; };
		CC34A47D1943653D0039A8C0 /* Edge.m in Sources */ = {isa = PBXBuildFile; fileRef = CC34A47C1943653D0039A8C0 /* Edge.m */; };
		CCA49BC319436642008E13B2 /* Graph.m in Sources */ = {isa = PBXBuildFile; fileRef = CCA49BC219436642008E13B2 /* Graph.m */; };
		CCA49BC6194366A5008E13B2 /* Dijkstra.m in Sources */ = {isa = PBXBuildFile; fileRef = CCA49BC5194366A5008E13B2 /* Dijkstra.m */; };
/* End PBXBuildFile section */

/* Begin PBXContainerItemProxy section */
		CC34A460194363020039A8C0 /* PBXContainerItemProxy */ = {
			isa = PBXContainerItemProxy;
			containerPortal = CC34A447194363020039A8C0 /* Project object */;
			proxyType = 1;
			remoteGlobalIDString = CC34A44E194363020039A8C0;
			remoteInfo = Dijkstra;
		};
/* End PBXContainerItemProxy section */

/* Begin PBXFileReference section */
		CC34A44F194363020039A8C0 /* Dijkstra.app */ = {isa = PBXFileReference; explicitFileType = wrapper.application; includeInIndex = 0; path = Dijkstra.app; sourceTree = BUILT_PRODUCTS_DIR; };
		CC34A453194363020039A8C0 /* Info.plist */ = {isa = PBXFileReference; lastKnownFileType = text.plist.xml; path = Info.plist; sourceTree = "<group>"; };
		CC34A454194363020039A8C0 /* main.m */ = {isa = PBXFileReference; lastKnownFileType = sourcecode.c.objc; path = main.m; sourceTree = "<group>"; };
		CC34A456194363020039A8C0 /* AppDelegate.h */ = {isa = PBXFileReference; lastKnownFileType = sourcecode.c.h; path = AppDelegate.h; sourceTree = "<group>"; };
		CC34A457194363020039A8C0 /* AppDelegate.m */ = {isa = PBXFileReference; lastKnownFileType = sourcecode.c.objc; path = AppDelegate.m; sourceTree = "<group>"; };
		CC34A459194363020039A8C0 /* Images.xcassets */ = {isa = PBXFileReference; lastKnownFileType = folder.assetcatalog; path = Images.xcassets; sourceTree = "<group>"; };
		CC34A45F194363020039A8C0 /* DijkstraTests.xctest */ = {isa = PBXFileReference; explicitFileType = wrapper.cfbundle; includeInIndex = 0; path = DijkstraTests.xctest; sourceTree = BUILT_PRODUCTS_DIR; };
		CC34A464194363020039A8C0 /* Info.plist */ = {isa = PBXFileReference; lastKnownFileType = text.plist.xml; path = Info.plist; sourceTree = "<group>"; };
		CC34A465194363020039A8C0 /* DijkstraTests.m */ = {isa = PBXFileReference; lastKnownFileType = sourcecode.c.objc; path = DijkstraTests.m; sourceTree = "<group>"; };
		CC34A479194365300039A8C0 /* Vertex.h */ = {isa = PBXFileReference; fileEncoding = 4; lastKnownFileType = sourcecode.c.h; path = Vertex.h; sourceTree = "<group>"; };
		CC34A47A194365300039A8C0 /* Vertex.m */ = {isa = PBXFileReference; fileEncoding = 4; lastKnownFileType = sourcecode.c.objc; path = Vertex.m; sourceTree = "<group>"; };
		CC34A47C1943653D0039A8C0 /* Edge.m */ = {isa = PBXFileReference; fileEncoding = 4; lastKnownFileType = sourcecode.c.objc; path = Edge.m; sourceTree = "<group>"; };
		CC34A47E194365440039A8C0 /* Edge.h */ = {isa = PBXFileReference; lastKnownFileType = sourcecode.c.h; path = Edge.h; sourceTree = "<group>"; };
		CCA49BC119436642008E13B2 /* Graph.h */ = {isa = PBXFileReference; fileEncoding = 4; lastKnownFileType = sourcecode.c.h; path = Graph.h; sourceTree = "<group>"; };
		CCA49BC219436642008E13B2 /* Graph.m */ = {isa = PBXFileReference; fileEncoding = 4; lastKnownFileType = sourcecode.c.objc; path = Graph.m; sourceTree = "<group>"; };
		CCA49BC4194366A5008E13B2 /* Dijkstra.h */ = {isa = PBXFileReference; fileEncoding = 4; lastKnownFileType = sourcecode.c.h; path = Dijkstra.h; sourceTree = "<group>"; };
		CCA49BC5194366A5008E13B2 /* Dijkstra.m */ = {isa = PBXFileReference; fileEncoding = 4; lastKnownFileType = sourcecode.c.objc; path = Dijkstra.m; sourceTree = "<group>"; };
/* End PBXFileReference section */

/* Begin PBXFrameworksBuildPhase section */
		CC34A44C194363020039A8C0 /* Frameworks */ = {
			isa = PBXFrameworksBuildPhase;
			buildActionMask = 2147483647;
			files = (
			);
			runOnlyForDeploymentPostprocessing = 0;
		};
		CC34A45C194363020039A8C0 /* Frameworks */ = {
			isa = PBXFrameworksBuildPhase;
			buildActionMask = 2147483647;
			files = (
			);
			runOnlyForDeploymentPostprocessing = 0;
		};
/* End PBXFrameworksBuildPhase section */

/* Begin PBXGroup section */
		CC34A446194363020039A8C0 = {
			isa = PBXGroup;
			children = (
				CC34A451194363020039A8C0 /* Dijkstra */,
				CC34A462194363020039A8C0 /* DijkstraTests */,
				CC34A450194363020039A8C0 /* Products */,
			);
			sourceTree = "<group>";
		};
		CC34A450194363020039A8C0 /* Products */ = {
			isa = PBXGroup;
			children = (
				CC34A44F194363020039A8C0 /* Dijkstra.app */,
				CC34A45F194363020039A8C0 /* DijkstraTests.xctest */,
			);
			name = Products;
			sourceTree = "<group>";
		};
		CC34A451194363020039A8C0 /* Dijkstra */ = {
			isa = PBXGroup;
			children = (
				CC34A4701943638C0039A8C0 /* Dijkstra */,
				CC34A46F194363810039A8C0 /* Model */,
				CC34A456194363020039A8C0 /* AppDelegate.h */,
				CC34A457194363020039A8C0 /* AppDelegate.m */,
				CC34A459194363020039A8C0 /* Images.xcassets */,
				CC34A452194363020039A8C0 /* Supporting Files */,
			);
			path = Dijkstra;
			sourceTree = "<group>";
		};
		CC34A452194363020039A8C0 /* Supporting Files */ = {
			isa = PBXGroup;
			children = (
				CC34A453194363020039A8C0 /* Info.plist */,
				CC34A454194363020039A8C0 /* main.m */,
			);
			name = "Supporting Files";
			sourceTree = "<group>";
		};
		CC34A462194363020039A8C0 /* DijkstraTests */ = {
			isa = PBXGroup;
			children = (
				CC34A465194363020039A8C0 /* DijkstraTests.m */,
				CC34A463194363020039A8C0 /* Supporting Files */,
			);
			path = DijkstraTests;
			sourceTree = "<group>";
		};
		CC34A463194363020039A8C0 /* Supporting Files */ = {
			isa = PBXGroup;
			children = (
				CC34A464194363020039A8C0 /* Info.plist */,
			);
			name = "Supporting Files";
			sourceTree = "<group>";
		};
		CC34A46F194363810039A8C0 /* Model */ = {
			isa = PBXGroup;
			children = (
			);
			path = Model;
			sourceTree = "<group>";
		};
		CC34A4701943638C0039A8C0 /* Dijkstra */ = {
			isa = PBXGroup;
			children = (
				CC34A478194365300039A8C0 /* Model */,
				CCA49BC4194366A5008E13B2 /* Dijkstra.h */,
				CCA49BC5194366A5008E13B2 /* Dijkstra.m */,
			);
			path = Dijkstra;
			sourceTree = "<group>";
		};
		CC34A478194365300039A8C0 /* Model */ = {
			isa = PBXGroup;
			children = (
				CC34A479194365300039A8C0 /* Vertex.h */,
				CC34A47A194365300039A8C0 /* Vertex.m */,
				CC34A47E194365440039A8C0 /* Edge.h */,
				CC34A47C1943653D0039A8C0 /* Edge.m */,
				CCA49BC119436642008E13B2 /* Graph.h */,
				CCA49BC219436642008E13B2 /* Graph.m */,
			);
			path = Model;
			sourceTree = "<group>";
		};
/* End PBXGroup section */

/* Begin PBXNativeTarget section */
		CC34A44E194363020039A8C0 /* Dijkstra */ = {
			isa = PBXNativeTarget;
			buildConfigurationList = CC34A469194363020039A8C0 /* Build configuration list for PBXNativeTarget "Dijkstra" */;
			buildPhases = (
				CC34A44B194363020039A8C0 /* Sources */,
				CC34A44C194363020039A8C0 /* Frameworks */,
				CC34A44D194363020039A8C0 /* Resources */,
			);
			buildRules = (
			);
			dependencies = (
			);
			name = Dijkstra;
			productName = Dijkstra;
			productReference = CC34A44F194363020039A8C0 /* Dijkstra.app */;
			productType = "com.apple.product-type.application";
		};
		CC34A45E194363020039A8C0 /* DijkstraTests */ = {
			isa = PBXNativeTarget;
			buildConfigurationList = CC34A46C194363020039A8C0 /* Build configuration list for PBXNativeTarget "DijkstraTests" */;
			buildPhases = (
				CC34A45B194363020039A8C0 /* Sources */,
				CC34A45C194363020039A8C0 /* Frameworks */,
				CC34A45D194363020039A8C0 /* Resources */,
			);
			buildRules = (
			);
			dependencies = (
				CC34A461194363020039A8C0 /* PBXTargetDependency */,
			);
			name = DijkstraTests;
			productName = DijkstraTests;
			productReference = CC34A45F194363020039A8C0 /* DijkstraTests.xctest */;
			productType = "com.apple.product-type.bundle.unit-test";
		};
/* End PBXNativeTarget section */

/* Begin PBXProject section */
		CC34A447194363020039A8C0 /* Project object */ = {
			isa = PBXProject;
			attributes = {
				LastUpgradeCheck = 0600;
				ORGANIZATIONNAME = Prunelle;
				TargetAttributes = {
					CC34A44E194363020039A8C0 = {
						CreatedOnToolsVersion = 6.0;
					};
					CC34A45E194363020039A8C0 = {
						CreatedOnToolsVersion = 6.0;
						TestTargetID = CC34A44E194363020039A8C0;
					};
				};
			};
			buildConfigurationList = CC34A44A194363020039A8C0 /* Build configuration list for PBXProject "Dijkstra" */;
			compatibilityVersion = "Xcode 3.2";
			developmentRegion = English;
			hasScannedForEncodings = 0;
			knownRegions = (
				en,
			);
			mainGroup = CC34A446194363020039A8C0;
			productRefGroup = CC34A450194363020039A8C0 /* Products */;
			projectDirPath = "";
			projectRoot = "";
			targets = (
				CC34A44E194363020039A8C0 /* Dijkstra */,
				CC34A45E194363020039A8C0 /* DijkstraTests */,
			);
		};
/* End PBXProject section */

/* Begin PBXResourcesBuildPhase section */
		CC34A44D194363020039A8C0 /* Resources */ = {
			isa = PBXResourcesBuildPhase;
			buildActionMask = 2147483647;
			files = (
				CC34A45A194363020039A8C0 /* Images.xcassets in Resources */,
			);
			runOnlyForDeploymentPostprocessing = 0;
		};
		CC34A45D194363020039A8C0 /* Resources */ = {
			isa = PBXResourcesBuildPhase;
			buildActionMask = 2147483647;
			files = (
			);
			runOnlyForDeploymentPostprocessing = 0;
		};
/* End PBXResourcesBuildPhase section */

/* Begin PBXSourcesBuildPhase section */
		CC34A44B194363020039A8C0 /* Sources */ = {
			isa = PBXSourcesBuildPhase;
			buildActionMask = 2147483647;
			files = (
				CC34A458194363020039A8C0 /* AppDelegate.m in Sources */,
				CCA49BC6194366A5008E13B2 /* Dijkstra.m in Sources */,
				CC34A47B194365300039A8C0 /* Vertex.m in Sources */,
				CC34A47D1943653D0039A8C0 /* Edge.m in Sources */,
				CCA49BC319436642008E13B2 /* Graph.m in Sources */,
				CC34A455194363020039A8C0 /* main.m in Sources */,
			);
			runOnlyForDeploymentPostprocessing = 0;
		};
		CC34A45B194363020039A8C0 /* Sources */ = {
			isa = PBXSourcesBuildPhase;
			buildActionMask = 2147483647;
			files = (
				CC34A466194363020039A8C0 /* DijkstraTests.m in Sources */,
			);
			runOnlyForDeploymentPostprocessing = 0;
		};
/* End PBXSourcesBuildPhase section */

/* Begin PBXTargetDependency section */
		CC34A461194363020039A8C0 /* PBXTargetDependency */ = {
			isa = PBXTargetDependency;
			target = CC34A44E194363020039A8C0 /* Dijkstra */;
			targetProxy = CC34A460194363020039A8C0 /* PBXContainerItemProxy */;
		};
/* End PBXTargetDependency section */

/* Begin XCBuildConfiguration section */
		CC34A467194363020039A8C0 /* Debug */ = {
			isa = XCBuildConfiguration;
			buildSettings = {
				ALWAYS_SEARCH_USER_PATHS = NO;
				CLANG_CXX_LANGUAGE_STANDARD = "gnu++0x";
				CLANG_CXX_LIBRARY = "libc++";
				CLANG_ENABLE_MODULES = YES;
				CLANG_ENABLE_OBJC_ARC = YES;
				CLANG_WARN_BOOL_CONVERSION = YES;
				CLANG_WARN_CONSTANT_CONVERSION = YES;
				CLANG_WARN_DIRECT_OBJC_ISA_USAGE = YES_ERROR;
				CLANG_WARN_EMPTY_BODY = YES;
				CLANG_WARN_ENUM_CONVERSION = YES;
				CLANG_WARN_INT_CONVERSION = YES;
				CLANG_WARN_OBJC_ROOT_CLASS = YES_ERROR;
				CLANG_WARN_UNREACHABLE_CODE = YES;
				CLANG_WARN__DUPLICATE_METHOD_MATCH = YES;
				"CODE_SIGN_IDENTITY[sdk=iphoneos*]" = "iPhone Developer: Julien Gomes (RLCEN4T3T6)";
				COPY_PHASE_STRIP = NO;
				ENABLE_STRICT_OBJC_MSGSEND = YES;
				GCC_C_LANGUAGE_STANDARD = gnu99;
				GCC_DYNAMIC_NO_PIC = NO;
				GCC_OPTIMIZATION_LEVEL = 0;
				GCC_PREPROCESSOR_DEFINITIONS = (
					"DEBUG=1",
					"$(inherited)",
				);
				GCC_SYMBOLS_PRIVATE_EXTERN = NO;
				GCC_WARN_64_TO_32_BIT_CONVERSION = YES;
				GCC_WARN_ABOUT_RETURN_TYPE = YES_ERROR;
				GCC_WARN_UNDECLARED_SELECTOR = YES;
				GCC_WARN_UNINITIALIZED_AUTOS = YES_AGGRESSIVE;
				GCC_WARN_UNUSED_FUNCTION = YES;
				GCC_WARN_UNUSED_VARIABLE = YES;
				IPHONEOS_DEPLOYMENT_TARGET = 8.0;
				METAL_ENABLE_DEBUG_INFO = YES;
				ONLY_ACTIVE_ARCH = YES;
				PROVISIONING_PROFILE = "0D6E86EC-B850-4097-8635-6575ED258E55";
				SDKROOT = iphoneos;
			};
			name = Debug;
		};
		CC34A468194363020039A8C0 /* Release */ = {
			isa = XCBuildConfiguration;
			buildSettings = {
				ALWAYS_SEARCH_USER_PATHS = NO;
				CLANG_CXX_LANGUAGE_STANDARD = "gnu++0x";
				CLANG_CXX_LIBRARY = "libc++";
				CLANG_ENABLE_MODULES = YES;
				CLANG_ENABLE_OBJC_ARC = YES;
				CLANG_WARN_BOOL_CONVERSION = YES;
				CLANG_WARN_CONSTANT_CONVERSION = YES;
				CLANG_WARN_DIRECT_OBJC_ISA_USAGE = YES_ERROR;
				CLANG_WARN_EMPTY_BODY = YES;
				CLANG_WARN_ENUM_CONVERSION = YES;
				CLANG_WARN_INT_CONVERSION = YES;
				CLANG_WARN_OBJC_ROOT_CLASS = YES_ERROR;
				CLANG_WARN_UNREACHABLE_CODE = YES;
				CLANG_WARN__DUPLICATE_METHOD_MATCH = YES;
				"CODE_SIGN_IDENTITY[sdk=iphoneos*]" = "iPhone Developer: Julien Gomes (RLCEN4T3T6)";
				COPY_PHASE_STRIP = YES;
				ENABLE_NS_ASSERTIONS = NO;
				ENABLE_STRICT_OBJC_MSGSEND = YES;
				GCC_C_LANGUAGE_STANDARD = gnu99;
				GCC_WARN_64_TO_32_BIT_CONVERSION = YES;
				GCC_WARN_ABOUT_RETURN_TYPE = YES_ERROR;
				GCC_WARN_UNDECLARED_SELECTOR = YES;
				GCC_WARN_UNINITIALIZED_AUTOS = YES_AGGRESSIVE;
				GCC_WARN_UNUSED_FUNCTION = YES;
				GCC_WARN_UNUSED_VARIABLE = YES;
				IPHONEOS_DEPLOYMENT_TARGET = 8.0;
				METAL_ENABLE_DEBUG_INFO = NO;
				PROVISIONING_PROFILE = "0D6E86EC-B850-4097-8635-6575ED258E55";
				SDKROOT = iphoneos;
				VALIDATE_PRODUCT = YES;
			};
			name = Release;
		};
		CC34A46A194363020039A8C0 /* Debug */ = {
			isa = XCBuildConfiguration;
			buildSettings = {
				ASSETCATALOG_COMPILER_APPICON_NAME = AppIcon;
				ASSETCATALOG_COMPILER_LAUNCHIMAGE_NAME = LaunchImage;
				INFOPLIST_FILE = Dijkstra/Info.plist;
				IPHONEOS_DEPLOYMENT_TARGET = 7.1;
				LD_RUNPATH_SEARCH_PATHS = "$(inherited) @executable_path/Frameworks";
				PRODUCT_NAME = "$(TARGET_NAME)";
			};
			name = Debug;
		};
		CC34A46B194363020039A8C0 /* Release */ = {
			isa = XCBuildConfiguration;
			buildSettings = {
				ASSETCATALOG_COMPILER_APPICON_NAME = AppIcon;
				ASSETCATALOG_COMPILER_LAUNCHIMAGE_NAME = LaunchImage;
				INFOPLIST_FILE = Dijkstra/Info.plist;
				IPHONEOS_DEPLOYMENT_TARGET = 7.1;
				LD_RUNPATH_SEARCH_PATHS = "$(inherited) @executable_path/Frameworks";
				PRODUCT_NAME = "$(TARGET_NAME)";
			};
			name = Release;
		};
		CC34A46D194363020039A8C0 /* Debug */ = {
			isa = XCBuildConfiguration;
			buildSettings = {
				BUNDLE_LOADER = "$(BUILT_PRODUCTS_DIR)/Dijkstra.app/Dijkstra";
				FRAMEWORK_SEARCH_PATHS = (
					"$(SDKROOT)/Developer/Library/Frameworks",
					"$(inherited)",
				);
				GCC_PREPROCESSOR_DEFINITIONS = (
					"DEBUG=1",
					"$(inherited)",
				);
				INFOPLIST_FILE = DijkstraTests/Info.plist;
				IPHONEOS_DEPLOYMENT_TARGET = 7.1;
				LD_RUNPATH_SEARCH_PATHS = "$(inherited) @executable_path/Frameworks @loader_path/Frameworks";
				METAL_ENABLE_DEBUG_INFO = YES;
				PRODUCT_NAME = "$(TARGET_NAME)";
				TEST_HOST = "$(BUNDLE_LOADER)";
			};
			name = Debug;
		};
		CC34A46E194363020039A8C0 /* Release */ = {
			isa = XCBuildConfiguration;
			buildSettings = {
				BUNDLE_LOADER = "$(BUILT_PRODUCTS_DIR)/Dijkstra.app/Dijkstra";
				FRAMEWORK_SEARCH_PATHS = (
					"$(SDKROOT)/Developer/Library/Frameworks",
					"$(inherited)",
				);
				INFOPLIST_FILE = DijkstraTests/Info.plist;
				IPHONEOS_DEPLOYMENT_TARGET = 7.1;
				LD_RUNPATH_SEARCH_PATHS = "$(inherited) @executable_path/Frameworks @loader_path/Frameworks";
				METAL_ENABLE_DEBUG_INFO = NO;
				PRODUCT_NAME = "$(TARGET_NAME)";
				TEST_HOST = "$(BUNDLE_LOADER)";
			};
			name = Release;
		};
/* End XCBuildConfiguration section */

/* Begin XCConfigurationList section */
		CC34A44A194363020039A8C0 /* Build configuration list for PBXProject "Dijkstra" */ = {
			isa = XCConfigurationList;
			buildConfigurations = (
				CC34A467194363020039A8C0 /* Debug */,
				CC34A468194363020039A8C0 /* Release */,
			);
			defaultConfigurationIsVisible = 0;
			defaultConfigurationName = Release;
		};
		CC34A469194363020039A8C0 /* Build configuration list for PBXNativeTarget "Dijkstra" */ = {
			isa = XCConfigurationList;
			buildConfigurations = (
				CC34A46A194363020039A8C0 /* Debug */,
				CC34A46B194363020039A8C0 /* Release */,
			);
			defaultConfigurationIsVisible = 0;
			defaultConfigurationName = Release;
		};
		CC34A46C194363020039A8C0 /* Build configuration list for PBXNativeTarget "DijkstraTests" */ = {
			isa = XCConfigurationList;
			buildConfigurations = (
				CC34A46D194363020039A8C0 /* Debug */,
				CC34A46E194363020039A8C0 /* Release */,
			);
			defaultConfigurationIsVisible = 0;
			defaultConfigurationName = Release;
		};
/* End XCConfigurationList section */
	};
	rootObject = CC34A447194363020039A8C0 /* Project object */;
}
